// !$*UTF8*$!
{
	archiveVersion = 1;
	classes = {
	};
	objectVersion = 46;
	objects = {

/* Begin PBXBuildFile section */
		1AC165F51ADCEFCB00E9DC5F /* main.m in Sources */ = {isa = PBXBuildFile; fileRef = 1AC165F41ADCEFCB00E9DC5F /* main.m */; };
		1AC165F81ADCEFCB00E9DC5F /* AppDelegate.m in Sources */ = {isa = PBXBuildFile; fileRef = 1AC165F71ADCEFCB00E9DC5F /* AppDelegate.m */; };
		1AC165FB1ADCEFCB00E9DC5F /* MasterViewController.m in Sources */ = {isa = PBXBuildFile; fileRef = 1AC165FA1ADCEFCB00E9DC5F /* MasterViewController.m */; };
		1AC165FE1ADCEFCB00E9DC5F /* DetailViewController.m in Sources */ = {isa = PBXBuildFile; fileRef = 1AC165FD1ADCEFCB00E9DC5F /* DetailViewController.m */; };
		1AC166011ADCEFCB00E9DC5F /* Main.storyboard in Resources */ = {isa = PBXBuildFile; fileRef = 1AC165FF1ADCEFCB00E9DC5F /* Main.storyboard */; };
		1AC166031ADCEFCB00E9DC5F /* Images.xcassets in Resources */ = {isa = PBXBuildFile; fileRef = 1AC166021ADCEFCB00E9DC5F /* Images.xcassets */; };
		1AC166061ADCEFCB00E9DC5F /* LaunchScreen.xib in Resources */ = {isa = PBXBuildFile; fileRef = 1AC166041ADCEFCB00E9DC5F /* LaunchScreen.xib */; };
		1AC166121ADCEFCB00E9DC5F /* testprojectTests.m in Sources */ = {isa = PBXBuildFile; fileRef = 1AC166111ADCEFCB00E9DC5F /* testprojectTests.m */; };
/* End PBXBuildFile section */

/* Begin PBXContainerItemProxy section */
		1AC1660C1ADCEFCB00E9DC5F /* PBXContainerItemProxy */ = {
			isa = PBXContainerItemProxy;
			containerPortal = 1AC165E71ADCEFCB00E9DC5F /* Project object */;
			proxyType = 1;
			remoteGlobalIDString = 1AC165EE1ADCEFCB00E9DC5F;
			remoteInfo = testproject;
		};
/* End PBXContainerItemProxy section */

/* Begin PBXFileReference section */
		1AC165EF1ADCEFCB00E9DC5F /* testproject.app */ = {isa = PBXFileReference; explicitFileType = wrapper.application; includeInIndex = 0; path = testproject.app; sourceTree = BUILT_PRODUCTS_DIR; };
		1AC165F31ADCEFCB00E9DC5F /* Info.plist */ = {isa = PBXFileReference; lastKnownFileType = text.plist.xml; path = Info.plist; sourceTree = "<group>"; };
		1AC165F41ADCEFCB00E9DC5F /* main.m */ = {isa = PBXFileReference; lastKnownFileType = sourcecode.c.objc; path = main.m; sourceTree = "<group>"; };
		1AC165F61ADCEFCB00E9DC5F /* AppDelegate.h */ = {isa = PBXFileReference; lastKnownFileType = sourcecode.c.h; path = AppDelegate.h; sourceTree = "<group>"; };
		1AC165F71ADCEFCB00E9DC5F /* AppDelegate.m */ = {isa = PBXFileReference; lastKnownFileType = sourcecode.c.objc; path = AppDelegate.m; sourceTree = "<group>"; };
		1AC165F91ADCEFCB00E9DC5F /* MasterViewController.h */ = {isa = PBXFileReference; lastKnownFileType = sourcecode.c.h; path = MasterViewController.h; sourceTree = "<group>"; };
		1AC165FA1ADCEFCB00E9DC5F /* MasterViewController.m */ = {isa = PBXFileReference; lastKnownFileType = sourcecode.c.objc; path = MasterViewController.m; sourceTree = "<group>"; };
		1AC165FC1ADCEFCB00E9DC5F /* DetailViewController.h */ = {isa = PBXFileReference; lastKnownFileType = sourcecode.c.h; path = DetailViewController.h; sourceTree = "<group>"; };
		1AC165FD1ADCEFCB00E9DC5F /* DetailViewController.m */ = {isa = PBXFileReference; lastKnownFileType = sourcecode.c.objc; path = DetailViewController.m; sourceTree = "<group>"; };
		1AC166001ADCEFCB00E9DC5F /* Base */ = {isa = PBXFileReference; lastKnownFileType = file.storyboard; name = Base; path = Base.lproj/Main.storyboard; sourceTree = "<group>"; };
		1AC166021ADCEFCB00E9DC5F /* Images.xcassets */ = {isa = PBXFileReference; lastKnownFileType = folder.assetcatalog; path = Images.xcassets; sourceTree = "<group>"; };
		1AC166051ADCEFCB00E9DC5F /* Base */ = {isa = PBXFileReference; lastKnownFileType = file.xib; name = Base; path = Base.lproj/LaunchScreen.xib; sourceTree = "<group>"; };
		1AC1660B1ADCEFCB00E9DC5F /* testprojectTests.xctest */ = {isa = PBXFileReference; explicitFileType = wrapper.cfbundle; includeInIndex = 0; path = testprojectTests.xctest; sourceTree = BUILT_PRODUCTS_DIR; };
		1AC166101ADCEFCB00E9DC5F /* Info.plist */ = {isa = PBXFileReference; lastKnownFileType = text.plist.xml; path = Info.plist; sourceTree = "<group>"; };
		1AC166111ADCEFCB00E9DC5F /* testprojectTests.m */ = {isa = PBXFileReference; lastKnownFileType = sourcecode.c.objc; path = testprojectTests.m; sourceTree = "<group>"; };
/* End PBXFileReference section */

/* Begin PBXFrameworksBuildPhase section */
		1AC165EC1ADCEFCB00E9DC5F /* Frameworks */ = {
			isa = PBXFrameworksBuildPhase;
			buildActionMask = 2147483647;
			files = (
			);
			runOnlyForDeploymentPostprocessing = 0;
		};
		1AC166081ADCEFCB00E9DC5F /* Frameworks */ = {
			isa = PBXFrameworksBuildPhase;
			buildActionMask = 2147483647;
			files = (
			);
			runOnlyForDeploymentPostprocessing = 0;
		};
/* End PBXFrameworksBuildPhase section */

/* Begin PBXGroup section */
		1AC165E61ADCEFCB00E9DC5F = {
			isa = PBXGroup;
			children = (
				1AC165F11ADCEFCB00E9DC5F /* testproject */,
				1AC1660E1ADCEFCB00E9DC5F /* testprojectTests */,
				1AC165F01ADCEFCB00E9DC5F /* Products */,
			);
			sourceTree = "<group>";
		};
		1AC165F01ADCEFCB00E9DC5F /* Products */ = {
			isa = PBXGroup;
			children = (
				1AC165EF1ADCEFCB00E9DC5F /* testproject.app */,
				1AC1660B1ADCEFCB00E9DC5F /* testprojectTests.xctest */,
			);
			name = Products;
			sourceTree = "<group>";
		};
		1AC165F11ADCEFCB00E9DC5F /* testproject */ = {
			isa = PBXGroup;
			children = (
				1AC165F61ADCEFCB00E9DC5F /* AppDelegate.h */,
				1AC165F71ADCEFCB00E9DC5F /* AppDelegate.m */,
				1AC165F91ADCEFCB00E9DC5F /* MasterViewController.h */,
				1AC165FA1ADCEFCB00E9DC5F /* MasterViewController.m */,
				1AC165FC1ADCEFCB00E9DC5F /* DetailViewController.h */,
				1AC165FD1ADCEFCB00E9DC5F /* DetailViewController.m */,
				1AC165FF1ADCEFCB00E9DC5F /* Main.storyboard */,
				1AC166021ADCEFCB00E9DC5F /* Images.xcassets */,
				1AC166041ADCEFCB00E9DC5F /* LaunchScreen.xib */,
				1AC165F21ADCEFCB00E9DC5F /* Supporting Files */,
			);
			path = testproject;
			sourceTree = "<group>";
		};
		1AC165F21ADCEFCB00E9DC5F /* Supporting Files */ = {
			isa = PBXGroup;
			children = (
				1AC165F31ADCEFCB00E9DC5F /* Info.plist */,
				1AC165F41ADCEFCB00E9DC5F /* main.m */,
			);
			name = "Supporting Files";
			sourceTree = "<group>";
		};
		1AC1660E1ADCEFCB00E9DC5F /* testprojectTests */ = {
			isa = PBXGroup;
			children = (
				1AC166111ADCEFCB00E9DC5F /* testprojectTests.m */,
				1AC1660F1ADCEFCB00E9DC5F /* Supporting Files */,
			);
			path = testprojectTests;
			sourceTree = "<group>";
		};
		1AC1660F1ADCEFCB00E9DC5F /* Supporting Files */ = {
			isa = PBXGroup;
			children = (
				1AC166101ADCEFCB00E9DC5F /* Info.plist */,
			);
			name = "Supporting Files";
			sourceTree = "<group>";
		};
/* End PBXGroup section */

/* Begin PBXNativeTarget section */
		1AC165EE1ADCEFCB00E9DC5F /* testproject */ = {
			isa = PBXNativeTarget;
			buildConfigurationList = 1AC166151ADCEFCB00E9DC5F /* Build configuration list for PBXNativeTarget "testproject" */;
			buildPhases = (
				1AC165EB1ADCEFCB00E9DC5F /* Sources */,
				1AC165EC1ADCEFCB00E9DC5F /* Frameworks */,
				1AC165ED1ADCEFCB00E9DC5F /* Resources */,
			);
			buildRules = (
			);
			dependencies = (
			);
			name = testproject;
			productName = testproject;
			productReference = 1AC165EF1ADCEFCB00E9DC5F /* testproject.app */;
			productType = "com.apple.product-type.application";
		};
		1AC1660A1ADCEFCB00E9DC5F /* testprojectTests */ = {
			isa = PBXNativeTarget;
			buildConfigurationList = 1AC166181ADCEFCB00E9DC5F /* Build configuration list for PBXNativeTarget "testprojectTests" */;
			buildPhases = (
				1AC166071ADCEFCB00E9DC5F /* Sources */,
				1AC166081ADCEFCB00E9DC5F /* Frameworks */,
				1AC166091ADCEFCB00E9DC5F /* Resources */,
			);
			buildRules = (
			);
			dependencies = (
				1AC1660D1ADCEFCB00E9DC5F /* PBXTargetDependency */,
			);
			name = testprojectTests;
			productName = testprojectTests;
			productReference = 1AC1660B1ADCEFCB00E9DC5F /* testprojectTests.xctest */;
			productType = "com.apple.product-type.bundle.unit-test";
		};
/* End PBXNativeTarget section */

/* Begin PBXProject section */
		1AC165E71ADCEFCB00E9DC5F /* Project object */ = {
			isa = PBXProject;
			attributes = {
				LastUpgradeCheck = 0600;
				ORGANIZATIONNAME = Raj;
				TargetAttributes = {
					1AC165EE1ADCEFCB00E9DC5F = {
						CreatedOnToolsVersion = 6.0;
					};
					1AC1660A1ADCEFCB00E9DC5F = {
						CreatedOnToolsVersion = 6.0;
						TestTargetID = 1AC165EE1ADCEFCB00E9DC5F;
					};
				};
			};
			buildConfigurationList = 1AC165EA1ADCEFCB00E9DC5F /* Build configuration list for PBXProject "testproject" */;
			compatibilityVersion = "Xcode 3.2";
			developmentRegion = English;
			hasScannedForEncodings = 0;
			knownRegions = (
				en,
				Base,
			);
			mainGroup = 1AC165E61ADCEFCB00E9DC5F;
			productRefGroup = 1AC165F01ADCEFCB00E9DC5F /* Products */;
			projectDirPath = "";
			projectRoot = "";
			targets = (
				1AC165EE1ADCEFCB00E9DC5F /* testproject */,
				1AC1660A1ADCEFCB00E9DC5F /* testprojectTests */,
			);
		};
/* End PBXProject section */

/* Begin PBXResourcesBuildPhase section */
		1AC165ED1ADCEFCB00E9DC5F /* Resources */ = {
			isa = PBXResourcesBuildPhase;
			buildActionMask = 2147483647;
			files = (
				1AC166011ADCEFCB00E9DC5F /* Main.storyboard in Resources */,
				1AC166061ADCEFCB00E9DC5F /* LaunchScreen.xib in Resources */,
				1AC166031ADCEFCB00E9DC5F /* Images.xcassets in Resources */,
			);
			runOnlyForDeploymentPostprocessing = 0;
		};
		1AC166091ADCEFCB00E9DC5F /* Resources */ = {
			isa = PBXResourcesBuildPhase;
			buildActionMask = 2147483647;
			files = (
			);
			runOnlyForDeploymentPostprocessing = 0;
		};
/* End PBXResourcesBuildPhase section */

/* Begin PBXSourcesBuildPhase section */
		1AC165EB1ADCEFCB00E9DC5F /* Sources */ = {
			isa = PBXSourcesBuildPhase;
			buildActionMask = 2147483647;
			files = (
				1AC165F81ADCEFCB00E9DC5F /* AppDelegate.m in Sources */,
				1AC165FB1ADCEFCB00E9DC5F /* MasterViewController.m in Sources */,
				1AC165F51ADCEFCB00E9DC5F /* main.m in Sources */,
				1AC165FE1ADCEFCB00E9DC5F /* DetailViewController.m in Sources */,
			);
			runOnlyForDeploymentPostprocessing = 0;
		};
		1AC166071ADCEFCB00E9DC5F /* Sources */ = {
			isa = PBXSourcesBuildPhase;
			buildActionMask = 2147483647;
			files = (
				1AC166121ADCEFCB00E9DC5F /* testprojectTests.m in Sources */,
			);
			runOnlyForDeploymentPostprocessing = 0;
		};
/* End PBXSourcesBuildPhase section */

/* Begin PBXTargetDependency section */
		1AC1660D1ADCEFCB00E9DC5F /* PBXTargetDependency */ = {
			isa = PBXTargetDependency;
			target = 1AC165EE1ADCEFCB00E9DC5F /* testproject */;
			targetProxy = 1AC1660C1ADCEFCB00E9DC5F /* PBXContainerItemProxy */;
		};
/* End PBXTargetDependency section */

/* Begin PBXVariantGroup section */
		1AC165FF1ADCEFCB00E9DC5F /* Main.storyboard */ = {
			isa = PBXVariantGroup;
			children = (
				1AC166001ADCEFCB00E9DC5F /* Base */,
			);
			name = Main.storyboard;
			sourceTree = "<group>";
		};
		1AC166041ADCEFCB00E9DC5F /* LaunchScreen.xib */ = {
			isa = PBXVariantGroup;
			children = (
				1AC166051ADCEFCB00E9DC5F /* Base */,
			);
			name = LaunchScreen.xib;
			sourceTree = "<group>";
		};
/* End PBXVariantGroup section */

/* Begin XCBuildConfiguration section */
		1AC166131ADCEFCB00E9DC5F /* Debug */ = {
			isa = XCBuildConfiguration;
			buildSettings = {
				ALWAYS_SEARCH_USER_PATHS = NO;
				CLANG_CXX_LANGUAGE_STANDARD = "gnu++0x";
				CLANG_CXX_LIBRARY = "libc++";
				CLANG_ENABLE_MODULES = YES;
				CLANG_ENABLE_OBJC_ARC = YES;
				CLANG_WARN_BOOL_CONVERSION = YES;
				CLANG_WARN_CONSTANT_CONVERSION = YES;
				CLANG_WARN_DIRECT_OBJC_ISA_USAGE = YES_ERROR;
				CLANG_WARN_EMPTY_BODY = YES;
				CLANG_WARN_ENUM_CONVERSION = YES;
				CLANG_WARN_INT_CONVERSION = YES;
				CLANG_WARN_OBJC_ROOT_CLASS = YES_ERROR;
				CLANG_WARN_UNREACHABLE_CODE = YES;
				CLANG_WARN__DUPLICATE_METHOD_MATCH = YES;
				"CODE_SIGN_IDENTITY[sdk=iphoneos*]" = "iPhone Developer";
				COPY_PHASE_STRIP = NO;
				ENABLE_STRICT_OBJC_MSGSEND = YES;
				GCC_C_LANGUAGE_STANDARD = gnu99;
				GCC_DYNAMIC_NO_PIC = NO;
				GCC_OPTIMIZATION_LEVEL = 0;
				GCC_PREPROCESSOR_DEFINITIONS = (
					"DEBUG=1",
					"$(inherited)",
				);
				GCC_SYMBOLS_PRIVATE_EXTERN = NO;
				GCC_WARN_64_TO_32_BIT_CONVERSION = YES;
				GCC_WARN_ABOUT_RETURN_TYPE = YES_ERROR;
				GCC_WARN_UNDECLARED_SELECTOR = YES;
				GCC_WARN_UNINITIALIZED_AUTOS = YES_AGGRESSIVE;
				GCC_WARN_UNUSED_FUNCTION = YES;
				GCC_WARN_UNUSED_VARIABLE = YES;
				IPHONEOS_DEPLOYMENT_TARGET = 8.0;
				MTL_ENABLE_DEBUG_INFO = YES;
				ONLY_ACTIVE_ARCH = YES;
				SDKROOT = iphoneos;
				TARGETED_DEVICE_FAMILY = "1,2";
			};
			name = Debug;
		};
		1AC166141ADCEFCB00E9DC5F /* Release */ = {
			isa = XCBuildConfiguration;
			buildSettings = {
				ALWAYS_SEARCH_USER_PATHS = NO;
				CLANG_CXX_LANGUAGE_STANDARD = "gnu++0x";
				CLANG_CXX_LIBRARY = "libc++";
				CLANG_ENABLE_MODULES = YES;
				CLANG_ENABLE_OBJC_ARC = YES;
				CLANG_WARN_BOOL_CONVERSION = YES;
				CLANG_WARN_CONSTANT_CONVERSION = YES;
				CLANG_WARN_DIRECT_OBJC_ISA_USAGE = YES_ERROR;
				CLANG_WARN_EMPTY_BODY = YES;
				CLANG_WARN_ENUM_CONVERSION = YES;
				CLANG_WARN_INT_CONVERSION = YES;
				CLANG_WARN_OBJC_ROOT_CLASS = YES_ERROR;
				CLANG_WARN_UNREACHABLE_CODE = YES;
				CLANG_WARN__DUPLICATE_METHOD_MATCH = YES;
				"CODE_SIGN_IDENTITY[sdk=iphoneos*]" = "iPhone Developer";
				COPY_PHASE_STRIP = YES;
				ENABLE_NS_ASSERTIONS = NO;
				ENABLE_STRICT_OBJC_MSGSEND = YES;
				GCC_C_LANGUAGE_STANDARD = gnu99;
				GCC_WARN_64_TO_32_BIT_CONVERSION = YES;
				GCC_WARN_ABOUT_RETURN_TYPE = YES_ERROR;
				GCC_WARN_UNDECLARED_SELECTOR = YES;
				GCC_WARN_UNINITIALIZED_AUTOS = YES_AGGRESSIVE;
				GCC_WARN_UNUSED_FUNCTION = YES;
				GCC_WARN_UNUSED_VARIABLE = YES;
				IPHONEOS_DEPLOYMENT_TARGET = 8.0;
				MTL_ENABLE_DEBUG_INFO = NO;
				SDKROOT = iphoneos;
				TARGETED_DEVICE_FAMILY = "1,2";
				VALIDATE_PRODUCT = YES;
			};
			name = Release;
		};
		1AC166161ADCEFCB00E9DC5F /* Debug */ = {
			isa = XCBuildConfiguration;
			buildSettings = {
				ASSETCATALOG_COMPILER_APPICON_NAME = AppIcon;
				INFOPLIST_FILE = testproject/Info.plist;
				LD_RUNPATH_SEARCH_PATHS = "$(inherited) @executable_path/Frameworks";
				PRODUCT_NAME = "$(TARGET_NAME)";
			};
			name = Debug;
		};
		1AC166171ADCEFCB00E9DC5F /* Release */ = {
			isa = XCBuildConfiguration;
			buildSettings = {
				ASSETCATALOG_COMPILER_APPICON_NAME = AppIcon;
				INFOPLIST_FILE = testproject/Info.plist;
				LD_RUNPATH_SEARCH_PATHS = "$(inherited) @executable_path/Frameworks";
				PRODUCT_NAME = "$(TARGET_NAME)";
			};
			name = Release;
		};
		1AC166191ADCEFCB00E9DC5F /* Debug */ = {
			isa = XCBuildConfiguration;
			buildSettings = {
				BUNDLE_LOADER = "$(TEST_HOST)";
				FRAMEWORK_SEARCH_PATHS = (
					"$(SDKROOT)/Developer/Library/Frameworks",
					"$(inherited)",
				);
				GCC_PREPROCESSOR_DEFINITIONS = (
					"DEBUG=1",
					"$(inherited)",
				);
				INFOPLIST_FILE = testprojectTests/Info.plist;
				LD_RUNPATH_SEARCH_PATHS = "$(inherited) @executable_path/Frameworks @loader_path/Frameworks";
				PRODUCT_NAME = "$(TARGET_NAME)";
				TEST_HOST = "$(BUILT_PRODUCTS_DIR)/testproject.app/testproject";
			};
			name = Debug;
		};
		1AC1661A1ADCEFCB00E9DC5F /* Release */ = {
			isa = XCBuildConfiguration;
			buildSettings = {
				BUNDLE_LOADER = "$(TEST_HOST)";
				FRAMEWORK_SEARCH_PATHS = (
					"$(SDKROOT)/Developer/Library/Frameworks",
					"$(inherited)",
				);
				INFOPLIST_FILE = testprojectTests/Info.plist;
				LD_RUNPATH_SEARCH_PATHS = "$(inherited) @executable_path/Frameworks @loader_path/Frameworks";
				PRODUCT_NAME = "$(TARGET_NAME)";
				TEST_HOST = "$(BUILT_PRODUCTS_DIR)/testproject.app/testproject";
			};
			name = Release;
		};
/* End XCBuildConfiguration section */

/* Begin XCConfigurationList section */
		1AC165EA1ADCEFCB00E9DC5F /* Build configuration list for PBXProject "testproject" */ = {
			isa = XCConfigurationList;
			buildConfigurations = (
				1AC166131ADCEFCB00E9DC5F /* Debug */,
				1AC166141ADCEFCB00E9DC5F /* Release */,
			);
			defaultConfigurationIsVisible = 0;
			defaultConfigurationName = Release;
		};
		1AC166151ADCEFCB00E9DC5F /* Build configuration list for PBXNativeTarget "testproject" */ = {
			isa = XCConfigurationList;
			buildConfigurations = (
				1AC166161ADCEFCB00E9DC5F /* Debug */,
				1AC166171ADCEFCB00E9DC5F /* Release */,
			);
			defaultConfigurationIsVisible = 0;
		};
		1AC166181ADCEFCB00E9DC5F /* Build configuration list for PBXNativeTarget "testprojectTests" */ = {
			isa = XCConfigurationList;
			buildConfigurations = (
				1AC166191ADCEFCB00E9DC5F /* Debug */,
				1AC1661A1ADCEFCB00E9DC5F /* Release */,
			);
			defaultConfigurationIsVisible = 0;
		};
/* End XCConfigurationList section */
	};
	rootObject = 1AC165E71ADCEFCB00E9DC5F /* Project object */;
}
